
Microsoft Visual Studio Solution File, Format Version 12.00
# Visual Studio Version 16
VisualStudioVersion = 16.0.32228.343
MinimumVisualStudioVersion = 10.0.40219.1
Project("{FAE04EC0-301F-11D3-BF4B-00C04F79EFBC}") = "LetterCounter", "LetterCounter.csproj", "{7FD046B2-3FF3-4A16-9960-035B885B9709}"
EndProject
Global
	GlobalSection(SolutionConfigurationPlatforms) = preSolution
		Debug|Any CPU = Debug|Any CPU
		Release|Any CPU = Release|Any CPU
	EndGlobalSection
	GlobalSection(ProjectConfigurationPlatforms) = postSolution
		{7FD046B2-3FF3-4A16-9960-035B885B9709}.Debug|Any CPU.ActiveCfg = Debug|Any CPU
		{7FD046B2-3FF3-4A16-9960-035B885B9709}.Debug|Any CPU.Build.0 = Debug|Any CPU
		{7FD046B2-3FF3-4A16-9960-035B885B9709}.Release|Any CPU.ActiveCfg = Release|Any CPU
		{7FD046B2-3FF3-4A16-9960-035B885B9709}.Release|Any CPU.Build.0 = Release|Any CPU
	EndGlobalSection
	GlobalSection(SolutionProperties) = preSolution
		HideSolutionNode = FALSE
	EndGlobalSection
	GlobalSection(ExtensibilityGlobals) = postSolution
		SolutionGuid = {8BDE8599-DDEF-4A1E-8B5F-3BB231C8C7AC}
	EndGlobalSection
EndGlobal
